
Microsoft Visual Studio Solution File, Format Version 12.00
Project("{FAE04EC0-301F-11D3-BF4B-00C04F79EFBC}") = "YellowBelt", "YellowBelt\YellowBelt.csproj", "{24493EE2-43B1-4981-89A9-05015B91554B}"
EndProject
Project("{FAE04EC0-301F-11D3-BF4B-00C04F79EFBC}") = "YB_MiniKata5", "YB_MiniKata5\YB_MiniKata5.csproj", "{55983D3B-8FFD-46E8-94D2-146203C443A7}"
EndProject
Project("{FAE04EC0-301F-11D3-BF4B-00C04F79EFBC}") = "YB_Kata5", "YB_Kata5\YB_Kata5.csproj", "{CB45F14A-E922-4695-A7C9-35D989CE79E6}"
EndProject
Project("{FAE04EC0-301F-11D3-BF4B-00C04F79EFBC}") = "YB_MiniKata6", "YB_MiniKata6\YB_MiniKata6.csproj", "{56F66ABE-15FB-430F-B7B5-533BD1F72A0C}"
EndProject
Project("{FAE04EC0-301F-11D3-BF4B-00C04F79EFBC}") = "YB_Kata6", "YB_Kata6\YB_Kata6.csproj", "{51654D79-3055-4BA4-BB93-1EBDC266D338}"
EndProject
Project("{FAE04EC0-301F-11D3-BF4B-00C04F79EFBC}") = "YB_MiniKata7", "YB_MiniKata7\YB_MiniKata7.csproj", "{107340DB-1486-4709-86F5-B6B2E09F212B}"
EndProject
Project("{FAE04EC0-301F-11D3-BF4B-00C04F79EFBC}") = "YB_Kata7", "YB_Kata7\YB_Kata7.csproj", "{AC89B44C-A922-434D-A51A-E78939CB4F4C}"
EndProject
Project("{FAE04EC0-301F-11D3-BF4B-00C04F79EFBC}") = "YB_Kata8", "YB_Kata8\YB_Kata8.csproj", "{299C64D7-DBD3-4267-8CB8-B8C7FF0CE4BA}"
EndProject
Project("{FAE04EC0-301F-11D3-BF4B-00C04F79EFBC}") = "YB_Kata9", "YB_Kata9\YB_Kata9.csproj", "{190B76E7-DD5F-4CE6-9D1F-AF65530A168A}"
EndProject
Project("{FAE04EC0-301F-11D3-BF4B-00C04F79EFBC}") = "YB_Kata10", "YB_Kata10\YB_Kata10.csproj", "{BB7FAC48-0F01-4436-8FE3-938ECD9C538C}"
EndProject
Project("{FAE04EC0-301F-11D3-BF4B-00C04F79EFBC}") = "YB_ExamKata", "YB_ExamKata\YB_ExamKata.csproj", "{4B255FF7-8021-45C4-AF4F-E047D1EF14C8}"
EndProject
Global
	GlobalSection(SolutionConfigurationPlatforms) = preSolution
		Debug|Any CPU = Debug|Any CPU
		Release|Any CPU = Release|Any CPU
	EndGlobalSection
	GlobalSection(ProjectConfigurationPlatforms) = postSolution
		{24493EE2-43B1-4981-89A9-05015B91554B}.Debug|Any CPU.ActiveCfg = Debug|Any CPU
		{24493EE2-43B1-4981-89A9-05015B91554B}.Debug|Any CPU.Build.0 = Debug|Any CPU
		{24493EE2-43B1-4981-89A9-05015B91554B}.Release|Any CPU.ActiveCfg = Release|Any CPU
		{24493EE2-43B1-4981-89A9-05015B91554B}.Release|Any CPU.Build.0 = Release|Any CPU
		{55983D3B-8FFD-46E8-94D2-146203C443A7}.Debug|Any CPU.ActiveCfg = Debug|Any CPU
		{55983D3B-8FFD-46E8-94D2-146203C443A7}.Debug|Any CPU.Build.0 = Debug|Any CPU
		{55983D3B-8FFD-46E8-94D2-146203C443A7}.Release|Any CPU.ActiveCfg = Release|Any CPU
		{55983D3B-8FFD-46E8-94D2-146203C443A7}.Release|Any CPU.Build.0 = Release|Any CPU
		{CB45F14A-E922-4695-A7C9-35D989CE79E6}.Debug|Any CPU.ActiveCfg = Debug|Any CPU
		{CB45F14A-E922-4695-A7C9-35D989CE79E6}.Debug|Any CPU.Build.0 = Debug|Any CPU
		{CB45F14A-E922-4695-A7C9-35D989CE79E6}.Release|Any CPU.ActiveCfg = Release|Any CPU
		{CB45F14A-E922-4695-A7C9-35D989CE79E6}.Release|Any CPU.Build.0 = Release|Any CPU
		{56F66ABE-15FB-430F-B7B5-533BD1F72A0C}.Debug|Any CPU.ActiveCfg = Debug|Any CPU
		{56F66ABE-15FB-430F-B7B5-533BD1F72A0C}.Debug|Any CPU.Build.0 = Debug|Any CPU
		{56F66ABE-15FB-430F-B7B5-533BD1F72A0C}.Release|Any CPU.ActiveCfg = Release|Any CPU
		{56F66ABE-15FB-430F-B7B5-533BD1F72A0C}.Release|Any CPU.Build.0 = Release|Any CPU
		{51654D79-3055-4BA4-BB93-1EBDC266D338}.Debug|Any CPU.ActiveCfg = Debug|Any CPU
		{51654D79-3055-4BA4-BB93-1EBDC266D338}.Debug|Any CPU.Build.0 = Debug|Any CPU
		{51654D79-3055-4BA4-BB93-1EBDC266D338}.Release|Any CPU.ActiveCfg = Release|Any CPU
		{51654D79-3055-4BA4-BB93-1EBDC266D338}.Release|Any CPU.Build.0 = Release|Any CPU
		{107340DB-1486-4709-86F5-B6B2E09F212B}.Debug|Any CPU.ActiveCfg = Debug|Any CPU
		{107340DB-1486-4709-86F5-B6B2E09F212B}.Debug|Any CPU.Build.0 = Debug|Any CPU
		{107340DB-1486-4709-86F5-B6B2E09F212B}.Release|Any CPU.ActiveCfg = Release|Any CPU
		{107340DB-1486-4709-86F5-B6B2E09F212B}.Release|Any CPU.Build.0 = Release|Any CPU
		{AC89B44C-A922-434D-A51A-E78939CB4F4C}.Debug|Any CPU.ActiveCfg = Debug|Any CPU
		{AC89B44C-A922-434D-A51A-E78939CB4F4C}.Debug|Any CPU.Build.0 = Debug|Any CPU
		{AC89B44C-A922-434D-A51A-E78939CB4F4C}.Release|Any CPU.ActiveCfg = Release|Any CPU
		{AC89B44C-A922-434D-A51A-E78939CB4F4C}.Release|Any CPU.Build.0 = Release|Any CPU
		{299C64D7-DBD3-4267-8CB8-B8C7FF0CE4BA}.Debug|Any CPU.ActiveCfg = Debug|Any CPU
		{299C64D7-DBD3-4267-8CB8-B8C7FF0CE4BA}.Debug|Any CPU.Build.0 = Debug|Any CPU
		{299C64D7-DBD3-4267-8CB8-B8C7FF0CE4BA}.Release|Any CPU.ActiveCfg = Release|Any CPU
		{299C64D7-DBD3-4267-8CB8-B8C7FF0CE4BA}.Release|Any CPU.Build.0 = Release|Any CPU
		{190B76E7-DD5F-4CE6-9D1F-AF65530A168A}.Debug|Any CPU.ActiveCfg = Debug|Any CPU
		{190B76E7-DD5F-4CE6-9D1F-AF65530A168A}.Debug|Any CPU.Build.0 = Debug|Any CPU
		{190B76E7-DD5F-4CE6-9D1F-AF65530A168A}.Release|Any CPU.ActiveCfg = Release|Any CPU
		{190B76E7-DD5F-4CE6-9D1F-AF65530A168A}.Release|Any CPU.Build.0 = Release|Any CPU
		{BB7FAC48-0F01-4436-8FE3-938ECD9C538C}.Debug|Any CPU.ActiveCfg = Debug|Any CPU
		{BB7FAC48-0F01-4436-8FE3-938ECD9C538C}.Debug|Any CPU.Build.0 = Debug|Any CPU
		{BB7FAC48-0F01-4436-8FE3-938ECD9C538C}.Release|Any CPU.ActiveCfg = Release|Any CPU
		{BB7FAC48-0F01-4436-8FE3-938ECD9C538C}.Release|Any CPU.Build.0 = Release|Any CPU
		{4B255FF7-8021-45C4-AF4F-E047D1EF14C8}.Debug|Any CPU.ActiveCfg = Debug|Any CPU
		{4B255FF7-8021-45C4-AF4F-E047D1EF14C8}.Debug|Any CPU.Build.0 = Debug|Any CPU
		{4B255FF7-8021-45C4-AF4F-E047D1EF14C8}.Release|Any CPU.ActiveCfg = Release|Any CPU
		{4B255FF7-8021-45C4-AF4F-E047D1EF14C8}.Release|Any CPU.Build.0 = Release|Any CPU
	EndGlobalSection
EndGlobal
